
Microsoft Visual Studio Solution File, Format Version 12.00
# Visual Studio Version 16
VisualStudioVersion = 16.0.32106.194
MinimumVisualStudioVersion = 10.0.40219.1
Project("{FAE04EC0-301F-11D3-BF4B-00C04F79EFBC}") = "DegiskenNedir", "DegiskenNedir\DegiskenNedir.csproj", "{6BD05676-D878-4953-AF85-5D9066E4103F}"
EndProject
Project("{FAE04EC0-301F-11D3-BF4B-00C04F79EFBC}") = "TurDonusumleri", "TurDonusumleri\TurDonusumleri.csproj", "{EAF0117E-74D5-458F-8016-2078C3118228}"
EndProject
Project("{FAE04EC0-301F-11D3-BF4B-00C04F79EFBC}") = "AritmatikselOperatorler", "AritmatikselOperatorler\AritmatikselOperatorler.csproj", "{D262096C-7E4B-4E2F-B696-8AA13ACD5E30}"
EndProject
Project("{FAE04EC0-301F-11D3-BF4B-00C04F79EFBC}") = "KarsilastirmaOperatorleri", "KarsilastirmaOperatorleri\KarsilastirmaOperatorleri.csproj", "{063AB63A-3D57-44C4-BFE5-5842BE5C2520}"
EndProject
Project("{FAE04EC0-301F-11D3-BF4B-00C04F79EFBC}") = "Donguler", "Donguler\Donguler.csproj", "{0AEFD8B5-E2E0-45E0-B93D-C31BF5A447F3}"
EndProject
Project("{FAE04EC0-301F-11D3-BF4B-00C04F79EFBC}") = "Diziler", "Diziler\Diziler.csproj", "{FE5A0E4E-F1DB-4D4B-A038-1498F66AA94C}"
EndProject
Project("{FAE04EC0-301F-11D3-BF4B-00C04F79EFBC}") = "SımdıSıraSızde3", "SımdıSıraSızde3\SımdıSıraSızde3.csproj", "{B0F2A79D-9CF1-4168-80A6-CAE7F7FDBD6A}"
EndProject
Project("{FAE04EC0-301F-11D3-BF4B-00C04F79EFBC}") = "Methods", "Methods\Methods.csproj", "{FD6E4BE3-AB2F-436E-9410-C8760D3D3F18}"
EndProject
Project("{FAE04EC0-301F-11D3-BF4B-00C04F79EFBC}") = "MethodOverloading", "MethodOverloading\MethodOverloading.csproj", "{EF64F88E-8681-421B-84B3-83F71BD464EE}"
EndProject
Project("{FAE04EC0-301F-11D3-BF4B-00C04F79EFBC}") = "RecursiveMethods", "RecursiveMethods\RecursiveMethods.csproj", "{C8588FBF-6522-4B89-9B78-C3B7AE4C7076}"
EndProject
Project("{FAE04EC0-301F-11D3-BF4B-00C04F79EFBC}") = "MethodsExamples", "MethodsExamples\MethodsExamples.csproj", "{CEA80ED8-AFE2-42C0-96A4-305F9CE48751}"
EndProject
Project("{FAE04EC0-301F-11D3-BF4B-00C04F79EFBC}") = "SimdiSiraSizde4", "SimdiSiraSizde4\SimdiSiraSizde4.csproj", "{7F0A7ECA-D940-416B-BEB8-AC3FD59584AB}"
EndProject
Global
	GlobalSection(SolutionConfigurationPlatforms) = preSolution
		Debug|Any CPU = Debug|Any CPU
		Release|Any CPU = Release|Any CPU
	EndGlobalSection
	GlobalSection(ProjectConfigurationPlatforms) = postSolution
		{6BD05676-D878-4953-AF85-5D9066E4103F}.Debug|Any CPU.ActiveCfg = Debug|Any CPU
		{6BD05676-D878-4953-AF85-5D9066E4103F}.Debug|Any CPU.Build.0 = Debug|Any CPU
		{6BD05676-D878-4953-AF85-5D9066E4103F}.Release|Any CPU.ActiveCfg = Release|Any CPU
		{6BD05676-D878-4953-AF85-5D9066E4103F}.Release|Any CPU.Build.0 = Release|Any CPU
		{EAF0117E-74D5-458F-8016-2078C3118228}.Debug|Any CPU.ActiveCfg = Debug|Any CPU
		{EAF0117E-74D5-458F-8016-2078C3118228}.Debug|Any CPU.Build.0 = Debug|Any CPU
		{EAF0117E-74D5-458F-8016-2078C3118228}.Release|Any CPU.ActiveCfg = Release|Any CPU
		{EAF0117E-74D5-458F-8016-2078C3118228}.Release|Any CPU.Build.0 = Release|Any CPU
		{D262096C-7E4B-4E2F-B696-8AA13ACD5E30}.Debug|Any CPU.ActiveCfg = Debug|Any CPU
		{D262096C-7E4B-4E2F-B696-8AA13ACD5E30}.Debug|Any CPU.Build.0 = Debug|Any CPU
		{D262096C-7E4B-4E2F-B696-8AA13ACD5E30}.Release|Any CPU.ActiveCfg = Release|Any CPU
		{D262096C-7E4B-4E2F-B696-8AA13ACD5E30}.Release|Any CPU.Build.0 = Release|Any CPU
		{063AB63A-3D57-44C4-BFE5-5842BE5C2520}.Debug|Any CPU.ActiveCfg = Debug|Any CPU
		{063AB63A-3D57-44C4-BFE5-5842BE5C2520}.Debug|Any CPU.Build.0 = Debug|Any CPU
		{063AB63A-3D57-44C4-BFE5-5842BE5C2520}.Release|Any CPU.ActiveCfg = Release|Any CPU
		{063AB63A-3D57-44C4-BFE5-5842BE5C2520}.Release|Any CPU.Build.0 = Release|Any CPU
		{0AEFD8B5-E2E0-45E0-B93D-C31BF5A447F3}.Debug|Any CPU.ActiveCfg = Debug|Any CPU
		{0AEFD8B5-E2E0-45E0-B93D-C31BF5A447F3}.Debug|Any CPU.Build.0 = Debug|Any CPU
		{0AEFD8B5-E2E0-45E0-B93D-C31BF5A447F3}.Release|Any CPU.ActiveCfg = Release|Any CPU
		{0AEFD8B5-E2E0-45E0-B93D-C31BF5A447F3}.Release|Any CPU.Build.0 = Release|Any CPU
		{FE5A0E4E-F1DB-4D4B-A038-1498F66AA94C}.Debug|Any CPU.ActiveCfg = Debug|Any CPU
		{FE5A0E4E-F1DB-4D4B-A038-1498F66AA94C}.Debug|Any CPU.Build.0 = Debug|Any CPU
		{FE5A0E4E-F1DB-4D4B-A038-1498F66AA94C}.Release|Any CPU.ActiveCfg = Release|Any CPU
		{FE5A0E4E-F1DB-4D4B-A038-1498F66AA94C}.Release|Any CPU.Build.0 = Release|Any CPU
		{B0F2A79D-9CF1-4168-80A6-CAE7F7FDBD6A}.Debug|Any CPU.ActiveCfg = Debug|Any CPU
		{B0F2A79D-9CF1-4168-80A6-CAE7F7FDBD6A}.Debug|Any CPU.Build.0 = Debug|Any CPU
		{B0F2A79D-9CF1-4168-80A6-CAE7F7FDBD6A}.Release|Any CPU.ActiveCfg = Release|Any CPU
		{B0F2A79D-9CF1-4168-80A6-CAE7F7FDBD6A}.Release|Any CPU.Build.0 = Release|Any CPU
		{FD6E4BE3-AB2F-436E-9410-C8760D3D3F18}.Debug|Any CPU.ActiveCfg = Debug|Any CPU
		{FD6E4BE3-AB2F-436E-9410-C8760D3D3F18}.Debug|Any CPU.Build.0 = Debug|Any CPU
		{FD6E4BE3-AB2F-436E-9410-C8760D3D3F18}.Release|Any CPU.ActiveCfg = Release|Any CPU
		{FD6E4BE3-AB2F-436E-9410-C8760D3D3F18}.Release|Any CPU.Build.0 = Release|Any CPU
		{EF64F88E-8681-421B-84B3-83F71BD464EE}.Debug|Any CPU.ActiveCfg = Debug|Any CPU
		{EF64F88E-8681-421B-84B3-83F71BD464EE}.Debug|Any CPU.Build.0 = Debug|Any CPU
		{EF64F88E-8681-421B-84B3-83F71BD464EE}.Release|Any CPU.ActiveCfg = Release|Any CPU
		{EF64F88E-8681-421B-84B3-83F71BD464EE}.Release|Any CPU.Build.0 = Release|Any CPU
		{C8588FBF-6522-4B89-9B78-C3B7AE4C7076}.Debug|Any CPU.ActiveCfg = Debug|Any CPU
		{C8588FBF-6522-4B89-9B78-C3B7AE4C7076}.Debug|Any CPU.Build.0 = Debug|Any CPU
		{C8588FBF-6522-4B89-9B78-C3B7AE4C7076}.Release|Any CPU.ActiveCfg = Release|Any CPU
		{C8588FBF-6522-4B89-9B78-C3B7AE4C7076}.Release|Any CPU.Build.0 = Release|Any CPU
		{CEA80ED8-AFE2-42C0-96A4-305F9CE48751}.Debug|Any CPU.ActiveCfg = Debug|Any CPU
		{CEA80ED8-AFE2-42C0-96A4-305F9CE48751}.Debug|Any CPU.Build.0 = Debug|Any CPU
		{CEA80ED8-AFE2-42C0-96A4-305F9CE48751}.Release|Any CPU.ActiveCfg = Release|Any CPU
		{CEA80ED8-AFE2-42C0-96A4-305F9CE48751}.Release|Any CPU.Build.0 = Release|Any CPU
		{7F0A7ECA-D940-416B-BEB8-AC3FD59584AB}.Debug|Any CPU.ActiveCfg = Debug|Any CPU
		{7F0A7ECA-D940-416B-BEB8-AC3FD59584AB}.Debug|Any CPU.Build.0 = Debug|Any CPU
		{7F0A7ECA-D940-416B-BEB8-AC3FD59584AB}.Release|Any CPU.ActiveCfg = Release|Any CPU
		{7F0A7ECA-D940-416B-BEB8-AC3FD59584AB}.Release|Any CPU.Build.0 = Release|Any CPU
	EndGlobalSection
	GlobalSection(SolutionProperties) = preSolution
		HideSolutionNode = FALSE
	EndGlobalSection
	GlobalSection(ExtensibilityGlobals) = postSolution
		SolutionGuid = {E381BD21-4696-4216-BFA5-56C6D08D20F9}
	EndGlobalSection
EndGlobal
